
Microsoft Visual Studio Solution File, Format Version 12.00
# Visual Studio Version 17
VisualStudioVersion = 17.1.32421.90
MinimumVisualStudioVersion = 10.0.40219.1
Project("{FAE04EC0-301F-11D3-BF4B-00C04F79EFBC}") = "Words_Api", "Words_Api.csproj", "{3FEB58D8-1109-4605-BAD9-A008AEBA7252}"
EndProject
Global
	GlobalSection(SolutionConfigurationPlatforms) = preSolution
		Debug|Any CPU = Debug|Any CPU
		Release|Any CPU = Release|Any CPU
	EndGlobalSection
	GlobalSection(ProjectConfigurationPlatforms) = postSolution
		{3FEB58D8-1109-4605-BAD9-A008AEBA7252}.Debug|Any CPU.ActiveCfg = Debug|Any CPU
		{3FEB58D8-1109-4605-BAD9-A008AEBA7252}.Debug|Any CPU.Build.0 = Debug|Any CPU
		{3FEB58D8-1109-4605-BAD9-A008AEBA7252}.Release|Any CPU.ActiveCfg = Release|Any CPU
		{3FEB58D8-1109-4605-BAD9-A008AEBA7252}.Release|Any CPU.Build.0 = Release|Any CPU
	EndGlobalSection
	GlobalSection(SolutionProperties) = preSolution
		HideSolutionNode = FALSE
	EndGlobalSection
	GlobalSection(ExtensibilityGlobals) = postSolution
		SolutionGuid = {4D9E9001-B80F-48B4-8F27-6D806E80642F}
	EndGlobalSection
EndGlobal
